
Microsoft Visual Studio Solution File, Format Version 12.00
Project("{FAE04EC0-301F-11D3-BF4B-00C04F79EFBC}") = "RipChord", "RipChord\RipChord.csproj", "{FAAE5606-D56C-4A86-89A8-DAC37F70EBCB}"
EndProject
Global
	GlobalSection(SolutionConfigurationPlatforms) = preSolution
		Debug|Any CPU = Debug|Any CPU
		Release|Any CPU = Release|Any CPU
	EndGlobalSection
	GlobalSection(ProjectConfigurationPlatforms) = postSolution
		{FAAE5606-D56C-4A86-89A8-DAC37F70EBCB}.Debug|Any CPU.ActiveCfg = Debug|Any CPU
		{FAAE5606-D56C-4A86-89A8-DAC37F70EBCB}.Debug|Any CPU.Build.0 = Debug|Any CPU
		{FAAE5606-D56C-4A86-89A8-DAC37F70EBCB}.Release|Any CPU.ActiveCfg = Release|Any CPU
		{FAAE5606-D56C-4A86-89A8-DAC37F70EBCB}.Release|Any CPU.Build.0 = Release|Any CPU
	EndGlobalSection
EndGlobal
